// !$*UTF8*$!
{
	archiveVersion = 1;
	classes = {
	};
	objectVersion = 50;
	objects = {

/* Begin PBXBuildFile section */
		FB6C008221E0EF140077A637 /* AppDelegate.swift in Sources */ = {isa = PBXBuildFile; fileRef = FB6C008121E0EF140077A637 /* AppDelegate.swift */; };
		FB6C008921E0EF290077A637 /* Assets.xcassets in Resources */ = {isa = PBXBuildFile; fileRef = FB6C008821E0EF290077A637 /* Assets.xcassets */; };
		FB6C008C21E0EF290077A637 /* LaunchScreen.storyboard in Resources */ = {isa = PBXBuildFile; fileRef = FB6C008A21E0EF290077A637 /* LaunchScreen.storyboard */; };
		FB6C009721E0EF2D0077A637 /* MarsRovers_Tests.swift in Sources */ = {isa = PBXBuildFile; fileRef = FB6C009621E0EF2D0077A637 /* MarsRovers_Tests.swift */; };
		FB6C00A221E0EF2D0077A637 /* MarsRovers_UITests.swift in Sources */ = {isa = PBXBuildFile; fileRef = FB6C00A121E0EF2D0077A637 /* MarsRovers_UITests.swift */; };
		FB6C00B021E0F2410077A637 /* APIkeys.plist in Resources */ = {isa = PBXBuildFile; fileRef = FB6C00AF21E0F2410077A637 /* APIkeys.plist */; };
		FB6C00B321E0F5100077A637 /* Photos.swift in Sources */ = {isa = PBXBuildFile; fileRef = FB6C00B221E0F5100077A637 /* Photos.swift */; };
		FB6C00B621E0F5F60077A637 /* Photos_Tests.swift in Sources */ = {isa = PBXBuildFile; fileRef = FB6C00B521E0F5F60077A637 /* Photos_Tests.swift */; };
		FB6C00B921E104210077A637 /* RoverPhotos_CollectionViewController.swift in Sources */ = {isa = PBXBuildFile; fileRef = FB6C00B821E104210077A637 /* RoverPhotos_CollectionViewController.swift */; };
		FB6C00BF21E10EC90077A637 /* RoverPhoto_DataSource.swift in Sources */ = {isa = PBXBuildFile; fileRef = FB6C00BE21E10EC90077A637 /* RoverPhoto_DataSource.swift */; };
		FB6C00C121E10F240077A637 /* RoverType.swift in Sources */ = {isa = PBXBuildFile; fileRef = FB6C00C021E10F240077A637 /* RoverType.swift */; };
		FB6C00C321E110DA0077A637 /* FakeRoverPhotoAPI.swift in Sources */ = {isa = PBXBuildFile; fileRef = FB6C00C221E110DA0077A637 /* FakeRoverPhotoAPI.swift */; };
		FB6C00C521E113BE0077A637 /* RoverSelector_ViewController.swift in Sources */ = {isa = PBXBuildFile; fileRef = FB6C00C421E113BE0077A637 /* RoverSelector_ViewController.swift */; };
		FB6C00C721E15C8D0077A637 /* RoverPhotoDetail_ViewController.swift in Sources */ = {isa = PBXBuildFile; fileRef = FB6C00C621E15C8D0077A637 /* RoverPhotoDetail_ViewController.swift */; };
		FB6C00CB21E184ED0077A637 /* FakeJson_Spirit.json in Resources */ = {isa = PBXBuildFile; fileRef = FB6C00CA21E184ED0077A637 /* FakeJson_Spirit.json */; };
		FB6C00CD21E185080077A637 /* FakeJson_Curiosity.json in Resources */ = {isa = PBXBuildFile; fileRef = FB6C00CC21E185080077A637 /* FakeJson_Curiosity.json */; };
		FB6C00CF21E185180077A637 /* FakeJson_Opportunity.json in Resources */ = {isa = PBXBuildFile; fileRef = FB6C00CE21E185180077A637 /* FakeJson_Opportunity.json */; };
/* End PBXBuildFile section */

/* Begin PBXContainerItemProxy section */
		FB6C009321E0EF2D0077A637 /* PBXContainerItemProxy */ = {
			isa = PBXContainerItemProxy;
			containerPortal = FB6C007621E0EF130077A637 /* Project object */;
			proxyType = 1;
			remoteGlobalIDString = FB6C007D21E0EF140077A637;
			remoteInfo = "MarsRovers!";
		};
		FB6C009E21E0EF2D0077A637 /* PBXContainerItemProxy */ = {
			isa = PBXContainerItemProxy;
			containerPortal = FB6C007621E0EF130077A637 /* Project object */;
			proxyType = 1;
			remoteGlobalIDString = FB6C007D21E0EF140077A637;
			remoteInfo = "MarsRovers!";
		};
/* End PBXContainerItemProxy section */

/* Begin PBXFileReference section */
		FB6C007E21E0EF140077A637 /* MarsRovers!.app */ = {isa = PBXFileReference; explicitFileType = wrapper.application; includeInIndex = 0; path = "MarsRovers!.app"; sourceTree = BUILT_PRODUCTS_DIR; };
		FB6C008121E0EF140077A637 /* AppDelegate.swift */ = {isa = PBXFileReference; lastKnownFileType = sourcecode.swift; path = AppDelegate.swift; sourceTree = "<group>"; };
		FB6C008821E0EF290077A637 /* Assets.xcassets */ = {isa = PBXFileReference; lastKnownFileType = folder.assetcatalog; path = Assets.xcassets; sourceTree = "<group>"; };
		FB6C008B21E0EF290077A637 /* Base */ = {isa = PBXFileReference; lastKnownFileType = file.storyboard; name = Base; path = Base.lproj/LaunchScreen.storyboard; sourceTree = "<group>"; };
		FB6C008D21E0EF290077A637 /* Info.plist */ = {isa = PBXFileReference; lastKnownFileType = text.plist.xml; path = Info.plist; sourceTree = "<group>"; };
		FB6C009221E0EF2D0077A637 /* MarsRovers!Tests.xctest */ = {isa = PBXFileReference; explicitFileType = wrapper.cfbundle; includeInIndex = 0; path = "MarsRovers!Tests.xctest"; sourceTree = BUILT_PRODUCTS_DIR; };
		FB6C009621E0EF2D0077A637 /* MarsRovers_Tests.swift */ = {isa = PBXFileReference; lastKnownFileType = sourcecode.swift; path = MarsRovers_Tests.swift; sourceTree = "<group>"; };
		FB6C009821E0EF2D0077A637 /* Info.plist */ = {isa = PBXFileReference; lastKnownFileType = text.plist.xml; path = Info.plist; sourceTree = "<group>"; };
		FB6C009D21E0EF2D0077A637 /* MarsRovers!UITests.xctest */ = {isa = PBXFileReference; explicitFileType = wrapper.cfbundle; includeInIndex = 0; path = "MarsRovers!UITests.xctest"; sourceTree = BUILT_PRODUCTS_DIR; };
		FB6C00A121E0EF2D0077A637 /* MarsRovers_UITests.swift */ = {isa = PBXFileReference; lastKnownFileType = sourcecode.swift; path = MarsRovers_UITests.swift; sourceTree = "<group>"; };
		FB6C00A321E0EF2D0077A637 /* Info.plist */ = {isa = PBXFileReference; lastKnownFileType = text.plist.xml; path = Info.plist; sourceTree = "<group>"; };
		FB6C00AF21E0F2410077A637 /* APIkeys.plist */ = {isa = PBXFileReference; lastKnownFileType = text.plist.xml; path = APIkeys.plist; sourceTree = "<group>"; };
		FB6C00B221E0F5100077A637 /* Photos.swift */ = {isa = PBXFileReference; lastKnownFileType = sourcecode.swift; path = Photos.swift; sourceTree = "<group>"; };
		FB6C00B521E0F5F60077A637 /* Photos_Tests.swift */ = {isa = PBXFileReference; lastKnownFileType = sourcecode.swift; path = Photos_Tests.swift; sourceTree = "<group>"; };
		FB6C00B821E104210077A637 /* RoverPhotos_CollectionViewController.swift */ = {isa = PBXFileReference; lastKnownFileType = sourcecode.swift; path = RoverPhotos_CollectionViewController.swift; sourceTree = "<group>"; };
		FB6C00BE21E10EC90077A637 /* RoverPhoto_DataSource.swift */ = {isa = PBXFileReference; lastKnownFileType = sourcecode.swift; path = RoverPhoto_DataSource.swift; sourceTree = "<group>"; };
		FB6C00C021E10F240077A637 /* RoverType.swift */ = {isa = PBXFileReference; lastKnownFileType = sourcecode.swift; path = RoverType.swift; sourceTree = "<group>"; };
		FB6C00C221E110DA0077A637 /* FakeRoverPhotoAPI.swift */ = {isa = PBXFileReference; lastKnownFileType = sourcecode.swift; path = FakeRoverPhotoAPI.swift; sourceTree = "<group>"; };
		FB6C00C421E113BE0077A637 /* RoverSelector_ViewController.swift */ = {isa = PBXFileReference; lastKnownFileType = sourcecode.swift; path = RoverSelector_ViewController.swift; sourceTree = "<group>"; };
		FB6C00C621E15C8D0077A637 /* RoverPhotoDetail_ViewController.swift */ = {isa = PBXFileReference; lastKnownFileType = sourcecode.swift; path = RoverPhotoDetail_ViewController.swift; sourceTree = "<group>"; };
		FB6C00CA21E184ED0077A637 /* FakeJson_Spirit.json */ = {isa = PBXFileReference; lastKnownFileType = text.json; path = FakeJson_Spirit.json; sourceTree = "<group>"; };
		FB6C00CC21E185080077A637 /* FakeJson_Curiosity.json */ = {isa = PBXFileReference; lastKnownFileType = text.json; path = FakeJson_Curiosity.json; sourceTree = "<group>"; };
		FB6C00CE21E185180077A637 /* FakeJson_Opportunity.json */ = {isa = PBXFileReference; lastKnownFileType = text.json; path = FakeJson_Opportunity.json; sourceTree = "<group>"; };
/* End PBXFileReference section */

/* Begin PBXFrameworksBuildPhase section */
		FB6C007B21E0EF140077A637 /* Frameworks */ = {
			isa = PBXFrameworksBuildPhase;
			buildActionMask = 2147483647;
			files = (
			);
			runOnlyForDeploymentPostprocessing = 0;
		};
		FB6C008F21E0EF2D0077A637 /* Frameworks */ = {
			isa = PBXFrameworksBuildPhase;
			buildActionMask = 2147483647;
			files = (
			);
			runOnlyForDeploymentPostprocessing = 0;
		};
		FB6C009A21E0EF2D0077A637 /* Frameworks */ = {
			isa = PBXFrameworksBuildPhase;
			buildActionMask = 2147483647;
			files = (
			);
			runOnlyForDeploymentPostprocessing = 0;
		};
/* End PBXFrameworksBuildPhase section */

/* Begin PBXGroup section */
		FB6C007521E0EF130077A637 = {
			isa = PBXGroup;
			children = (
				FB6C008021E0EF140077A637 /* MarsRovers! */,
				FB6C009521E0EF2D0077A637 /* MarsRovers!Tests */,
				FB6C00A021E0EF2D0077A637 /* MarsRovers!UITests */,
				FB6C007F21E0EF140077A637 /* Products */,
			);
			sourceTree = "<group>";
		};
		FB6C007F21E0EF140077A637 /* Products */ = {
			isa = PBXGroup;
			children = (
				FB6C007E21E0EF140077A637 /* MarsRovers!.app */,
				FB6C009221E0EF2D0077A637 /* MarsRovers!Tests.xctest */,
				FB6C009D21E0EF2D0077A637 /* MarsRovers!UITests.xctest */,
			);
			name = Products;
			sourceTree = "<group>";
		};
		FB6C008021E0EF140077A637 /* MarsRovers! */ = {
			isa = PBXGroup;
			children = (
				FB6C00BD21E10EA40077A637 /* DataSources */,
				FB6C00B721E103ED0077A637 /* ViewControllers */,
				FB6C00B121E0F4C70077A637 /* Models */,
				FB6C008121E0EF140077A637 /* AppDelegate.swift */,
				FB6C008821E0EF290077A637 /* Assets.xcassets */,
				FB6C008A21E0EF290077A637 /* LaunchScreen.storyboard */,
				FB6C008D21E0EF290077A637 /* Info.plist */,
				FB6C00AF21E0F2410077A637 /* APIkeys.plist */,
			);
			path = "MarsRovers!";
			sourceTree = "<group>";
		};
		FB6C009521E0EF2D0077A637 /* MarsRovers!Tests */ = {
			isa = PBXGroup;
			children = (
				FB6C00B421E0F5D80077A637 /* Models */,
				FB6C009621E0EF2D0077A637 /* MarsRovers_Tests.swift */,
				FB6C009821E0EF2D0077A637 /* Info.plist */,
			);
			path = "MarsRovers!Tests";
			sourceTree = "<group>";
		};
		FB6C00A021E0EF2D0077A637 /* MarsRovers!UITests */ = {
			isa = PBXGroup;
			children = (
				FB6C00A121E0EF2D0077A637 /* MarsRovers_UITests.swift */,
				FB6C00A321E0EF2D0077A637 /* Info.plist */,
			);
			path = "MarsRovers!UITests";
			sourceTree = "<group>";
		};
		FB6C00B121E0F4C70077A637 /* Models */ = {
			isa = PBXGroup;
			children = (
				FB6C00B221E0F5100077A637 /* Photos.swift */,
				FB6C00C021E10F240077A637 /* RoverType.swift */,
			);
			path = Models;
			sourceTree = "<group>";
		};
		FB6C00B421E0F5D80077A637 /* Models */ = {
			isa = PBXGroup;
			children = (
				FB6C00B521E0F5F60077A637 /* Photos_Tests.swift */,
			);
			path = Models;
			sourceTree = "<group>";
		};
		FB6C00B721E103ED0077A637 /* ViewControllers */ = {
			isa = PBXGroup;
			children = (
				FB6C00B821E104210077A637 /* RoverPhotos_CollectionViewController.swift */,
				FB6C00C421E113BE0077A637 /* RoverSelector_ViewController.swift */,
				FB6C00C621E15C8D0077A637 /* RoverPhotoDetail_ViewController.swift */,
			);
			path = ViewControllers;
			sourceTree = "<group>";
		};
		FB6C00BD21E10EA40077A637 /* DataSources */ = {
			isa = PBXGroup;
			children = (
				FB6C00BE21E10EC90077A637 /* RoverPhoto_DataSource.swift */,
				FB6C00C221E110DA0077A637 /* FakeRoverPhotoAPI.swift */,
				FB6C00CC21E185080077A637 /* FakeJson_Curiosity.json */,
				FB6C00CA21E184ED0077A637 /* FakeJson_Spirit.json */,
				FB6C00CE21E185180077A637 /* FakeJson_Opportunity.json */,
			);
			path = DataSources;
			sourceTree = "<group>";
		};
/* End PBXGroup section */

/* Begin PBXNativeTarget section */
		FB6C007D21E0EF140077A637 /* MarsRovers! */ = {
			isa = PBXNativeTarget;
			buildConfigurationList = FB6C00A621E0EF2D0077A637 /* Build configuration list for PBXNativeTarget "MarsRovers!" */;
			buildPhases = (
				FB6C007A21E0EF140077A637 /* Sources */,
				FB6C007B21E0EF140077A637 /* Frameworks */,
				FB6C007C21E0EF140077A637 /* Resources */,
			);
			buildRules = (
			);
			dependencies = (
			);
			name = "MarsRovers!";
			productName = "MarsRovers!";
			productReference = FB6C007E21E0EF140077A637 /* MarsRovers!.app */;
			productType = "com.apple.product-type.application";
		};
		FB6C009121E0EF2D0077A637 /* MarsRovers!Tests */ = {
			isa = PBXNativeTarget;
			buildConfigurationList = FB6C00A921E0EF2D0077A637 /* Build configuration list for PBXNativeTarget "MarsRovers!Tests" */;
			buildPhases = (
				FB6C008E21E0EF2D0077A637 /* Sources */,
				FB6C008F21E0EF2D0077A637 /* Frameworks */,
				FB6C009021E0EF2D0077A637 /* Resources */,
			);
			buildRules = (
			);
			dependencies = (
				FB6C009421E0EF2D0077A637 /* PBXTargetDependency */,
			);
			name = "MarsRovers!Tests";
			productName = "MarsRovers!Tests";
			productReference = FB6C009221E0EF2D0077A637 /* MarsRovers!Tests.xctest */;
			productType = "com.apple.product-type.bundle.unit-test";
		};
		FB6C009C21E0EF2D0077A637 /* MarsRovers!UITests */ = {
			isa = PBXNativeTarget;
			buildConfigurationList = FB6C00AC21E0EF2D0077A637 /* Build configuration list for PBXNativeTarget "MarsRovers!UITests" */;
			buildPhases = (
				FB6C009921E0EF2D0077A637 /* Sources */,
				FB6C009A21E0EF2D0077A637 /* Frameworks */,
				FB6C009B21E0EF2D0077A637 /* Resources */,
			);
			buildRules = (
			);
			dependencies = (
				FB6C009F21E0EF2D0077A637 /* PBXTargetDependency */,
			);
			name = "MarsRovers!UITests";
			productName = "MarsRovers!UITests";
			productReference = FB6C009D21E0EF2D0077A637 /* MarsRovers!UITests.xctest */;
			productType = "com.apple.product-type.bundle.ui-testing";
		};
/* End PBXNativeTarget section */

/* Begin PBXProject section */
		FB6C007621E0EF130077A637 /* Project object */ = {
			isa = PBXProject;
			attributes = {
				LastSwiftUpdateCheck = 1010;
				LastUpgradeCheck = 1010;
				ORGANIZATIONNAME = "Mike Eggar";
				TargetAttributes = {
					FB6C007D21E0EF140077A637 = {
						CreatedOnToolsVersion = 10.1;
					};
					FB6C009121E0EF2D0077A637 = {
						CreatedOnToolsVersion = 10.1;
						TestTargetID = FB6C007D21E0EF140077A637;
					};
					FB6C009C21E0EF2D0077A637 = {
						CreatedOnToolsVersion = 10.1;
						TestTargetID = FB6C007D21E0EF140077A637;
					};
				};
			};
			buildConfigurationList = FB6C007921E0EF130077A637 /* Build configuration list for PBXProject "MarsRovers!" */;
			compatibilityVersion = "Xcode 9.3";
			developmentRegion = en;
			hasScannedForEncodings = 0;
			knownRegions = (
				en,
				Base,
			);
			mainGroup = FB6C007521E0EF130077A637;
			productRefGroup = FB6C007F21E0EF140077A637 /* Products */;
			projectDirPath = "";
			projectRoot = "";
			targets = (
				FB6C007D21E0EF140077A637 /* MarsRovers! */,
				FB6C009121E0EF2D0077A637 /* MarsRovers!Tests */,
				FB6C009C21E0EF2D0077A637 /* MarsRovers!UITests */,
			);
		};
/* End PBXProject section */

/* Begin PBXResourcesBuildPhase section */
		FB6C007C21E0EF140077A637 /* Resources */ = {
			isa = PBXResourcesBuildPhase;
			buildActionMask = 2147483647;
			files = (
				FB6C00CF21E185180077A637 /* FakeJson_Opportunity.json in Resources */,
				FB6C008C21E0EF290077A637 /* LaunchScreen.storyboard in Resources */,
				FB6C00B021E0F2410077A637 /* APIkeys.plist in Resources */,
				FB6C008921E0EF290077A637 /* Assets.xcassets in Resources */,
				FB6C00CD21E185080077A637 /* FakeJson_Curiosity.json in Resources */,
				FB6C00CB21E184ED0077A637 /* FakeJson_Spirit.json in Resources */,
			);
			runOnlyForDeploymentPostprocessing = 0;
		};
		FB6C009021E0EF2D0077A637 /* Resources */ = {
			isa = PBXResourcesBuildPhase;
			buildActionMask = 2147483647;
			files = (
			);
			runOnlyForDeploymentPostprocessing = 0;
		};
		FB6C009B21E0EF2D0077A637 /* Resources */ = {
			isa = PBXResourcesBuildPhase;
			buildActionMask = 2147483647;
			files = (
			);
			runOnlyForDeploymentPostprocessing = 0;
		};
/* End PBXResourcesBuildPhase section */

/* Begin PBXSourcesBuildPhase section */
		FB6C007A21E0EF140077A637 /* Sources */ = {
			isa = PBXSourcesBuildPhase;
			buildActionMask = 2147483647;
			files = (
				FB6C00B321E0F5100077A637 /* Photos.swift in Sources */,
				FB6C00C721E15C8D0077A637 /* RoverPhotoDetail_ViewController.swift in Sources */,
				FB6C00C121E10F240077A637 /* RoverType.swift in Sources */,
				FB6C00B921E104210077A637 /* RoverPhotos_CollectionViewController.swift in Sources */,
				FB6C008221E0EF140077A637 /* AppDelegate.swift in Sources */,
				FB6C00C521E113BE0077A637 /* RoverSelector_ViewController.swift in Sources */,
				FB6C00C321E110DA0077A637 /* FakeRoverPhotoAPI.swift in Sources */,
				FB6C00BF21E10EC90077A637 /* RoverPhoto_DataSource.swift in Sources */,
			);
			runOnlyForDeploymentPostprocessing = 0;
		};
		FB6C008E21E0EF2D0077A637 /* Sources */ = {
			isa = PBXSourcesBuildPhase;
			buildActionMask = 2147483647;
			files = (
				FB6C00B621E0F5F60077A637 /* Photos_Tests.swift in Sources */,
				FB6C009721E0EF2D0077A637 /* MarsRovers_Tests.swift in Sources */,
			);
			runOnlyForDeploymentPostprocessing = 0;
		};
		FB6C009921E0EF2D0077A637 /* Sources */ = {
			isa = PBXSourcesBuildPhase;
			buildActionMask = 2147483647;
			files = (
				FB6C00A221E0EF2D0077A637 /* MarsRovers_UITests.swift in Sources */,
			);
			runOnlyForDeploymentPostprocessing = 0;
		};
/* End PBXSourcesBuildPhase section */

/* Begin PBXTargetDependency section */
		FB6C009421E0EF2D0077A637 /* PBXTargetDependency */ = {
			isa = PBXTargetDependency;
			target = FB6C007D21E0EF140077A637 /* MarsRovers! */;
			targetProxy = FB6C009321E0EF2D0077A637 /* PBXContainerItemProxy */;
		};
		FB6C009F21E0EF2D0077A637 /* PBXTargetDependency */ = {
			isa = PBXTargetDependency;
			target = FB6C007D21E0EF140077A637 /* MarsRovers! */;
			targetProxy = FB6C009E21E0EF2D0077A637 /* PBXContainerItemProxy */;
		};
/* End PBXTargetDependency section */

/* Begin PBXVariantGroup section */
		FB6C008A21E0EF290077A637 /* LaunchScreen.storyboard */ = {
			isa = PBXVariantGroup;
			children = (
				FB6C008B21E0EF290077A637 /* Base */,
			);
			name = LaunchScreen.storyboard;
			sourceTree = "<group>";
		};
/* End PBXVariantGroup section */

/* Begin XCBuildConfiguration section */
		FB6C00A421E0EF2D0077A637 /* Debug */ = {
			isa = XCBuildConfiguration;
			buildSettings = {
				ALWAYS_SEARCH_USER_PATHS = NO;
				CLANG_ANALYZER_NONNULL = YES;
				CLANG_ANALYZER_NUMBER_OBJECT_CONVERSION = YES_AGGRESSIVE;
				CLANG_CXX_LANGUAGE_STANDARD = "gnu++14";
				CLANG_CXX_LIBRARY = "libc++";
				CLANG_ENABLE_MODULES = YES;
				CLANG_ENABLE_OBJC_ARC = YES;
				CLANG_ENABLE_OBJC_WEAK = YES;
				CLANG_WARN_BLOCK_CAPTURE_AUTORELEASING = YES;
				CLANG_WARN_BOOL_CONVERSION = YES;
				CLANG_WARN_COMMA = YES;
				CLANG_WARN_CONSTANT_CONVERSION = YES;
				CLANG_WARN_DEPRECATED_OBJC_IMPLEMENTATIONS = YES;
				CLANG_WARN_DIRECT_OBJC_ISA_USAGE = YES_ERROR;
				CLANG_WARN_DOCUMENTATION_COMMENTS = YES;
				CLANG_WARN_EMPTY_BODY = YES;
				CLANG_WARN_ENUM_CONVERSION = YES;
				CLANG_WARN_INFINITE_RECURSION = YES;
				CLANG_WARN_INT_CONVERSION = YES;
				CLANG_WARN_NON_LITERAL_NULL_CONVERSION = YES;
				CLANG_WARN_OBJC_IMPLICIT_RETAIN_SELF = YES;
				CLANG_WARN_OBJC_LITERAL_CONVERSION = YES;
				CLANG_WARN_OBJC_ROOT_CLASS = YES_ERROR;
				CLANG_WARN_RANGE_LOOP_ANALYSIS = YES;
				CLANG_WARN_STRICT_PROTOTYPES = YES;
				CLANG_WARN_SUSPICIOUS_MOVE = YES;
				CLANG_WARN_UNGUARDED_AVAILABILITY = YES_AGGRESSIVE;
				CLANG_WARN_UNREACHABLE_CODE = YES;
				CLANG_WARN__DUPLICATE_METHOD_MATCH = YES;
				CODE_SIGN_IDENTITY = "iPhone Developer";
				COPY_PHASE_STRIP = NO;
				DEBUG_INFORMATION_FORMAT = dwarf;
				ENABLE_STRICT_OBJC_MSGSEND = YES;
				ENABLE_TESTABILITY = YES;
				GCC_C_LANGUAGE_STANDARD = gnu11;
				GCC_DYNAMIC_NO_PIC = NO;
				GCC_NO_COMMON_BLOCKS = YES;
				GCC_OPTIMIZATION_LEVEL = 0;
				GCC_PREPROCESSOR_DEFINITIONS = (
					"DEBUG=1",
					"$(inherited)",
				);
				GCC_WARN_64_TO_32_BIT_CONVERSION = YES;
				GCC_WARN_ABOUT_RETURN_TYPE = YES_ERROR;
				GCC_WARN_UNDECLARED_SELECTOR = YES;
				GCC_WARN_UNINITIALIZED_AUTOS = YES_AGGRESSIVE;
				GCC_WARN_UNUSED_FUNCTION = YES;
				GCC_WARN_UNUSED_VARIABLE = YES;
				IPHONEOS_DEPLOYMENT_TARGET = 12.1;
				MTL_ENABLE_DEBUG_INFO = INCLUDE_SOURCE;
				MTL_FAST_MATH = YES;
				ONLY_ACTIVE_ARCH = YES;
				SDKROOT = iphoneos;
				SWIFT_ACTIVE_COMPILATION_CONDITIONS = DEBUG;
				SWIFT_OPTIMIZATION_LEVEL = "-Onone";
			};
			name = Debug;
		};
		FB6C00A521E0EF2D0077A637 /* Release */ = {
			isa = XCBuildConfiguration;
			buildSettings = {
				ALWAYS_SEARCH_USER_PATHS = NO;
				CLANG_ANALYZER_NONNULL = YES;
				CLANG_ANALYZER_NUMBER_OBJECT_CONVERSION = YES_AGGRESSIVE;
				CLANG_CXX_LANGUAGE_STANDARD = "gnu++14";
				CLANG_CXX_LIBRARY = "libc++";
				CLANG_ENABLE_MODULES = YES;
				CLANG_ENABLE_OBJC_ARC = YES;
				CLANG_ENABLE_OBJC_WEAK = YES;
				CLANG_WARN_BLOCK_CAPTURE_AUTORELEASING = YES;
				CLANG_WARN_BOOL_CONVERSION = YES;
				CLANG_WARN_COMMA = YES;
				CLANG_WARN_CONSTANT_CONVERSION = YES;
				CLANG_WARN_DEPRECATED_OBJC_IMPLEMENTATIONS = YES;
				CLANG_WARN_DIRECT_OBJC_ISA_USAGE = YES_ERROR;
				CLANG_WARN_DOCUMENTATION_COMMENTS = YES;
				CLANG_WARN_EMPTY_BODY = YES;
				CLANG_WARN_ENUM_CONVERSION = YES;
				CLANG_WARN_INFINITE_RECURSION = YES;
				CLANG_WARN_INT_CONVERSION = YES;
				CLANG_WARN_NON_LITERAL_NULL_CONVERSION = YES;
				CLANG_WARN_OBJC_IMPLICIT_RETAIN_SELF = YES;
				CLANG_WARN_OBJC_LITERAL_CONVERSION = YES;
				CLANG_WARN_OBJC_ROOT_CLASS = YES_ERROR;
				CLANG_WARN_RANGE_LOOP_ANALYSIS = YES;
				CLANG_WARN_STRICT_PROTOTYPES = YES;
				CLANG_WARN_SUSPICIOUS_MOVE = YES;
				CLANG_WARN_UNGUARDED_AVAILABILITY = YES_AGGRESSIVE;
				CLANG_WARN_UNREACHABLE_CODE = YES;
				CLANG_WARN__DUPLICATE_METHOD_MATCH = YES;
				CODE_SIGN_IDENTITY = "iPhone Developer";
				COPY_PHASE_STRIP = NO;
				DEBUG_INFORMATION_FORMAT = "dwarf-with-dsym";
				ENABLE_NS_ASSERTIONS = NO;
				ENABLE_STRICT_OBJC_MSGSEND = YES;
				GCC_C_LANGUAGE_STANDARD = gnu11;
				GCC_NO_COMMON_BLOCKS = YES;
				GCC_WARN_64_TO_32_BIT_CONVERSION = YES;
				GCC_WARN_ABOUT_RETURN_TYPE = YES_ERROR;
				GCC_WARN_UNDECLARED_SELECTOR = YES;
				GCC_WARN_UNINITIALIZED_AUTOS = YES_AGGRESSIVE;
				GCC_WARN_UNUSED_FUNCTION = YES;
				GCC_WARN_UNUSED_VARIABLE = YES;
				IPHONEOS_DEPLOYMENT_TARGET = 12.1;
				MTL_ENABLE_DEBUG_INFO = NO;
				MTL_FAST_MATH = YES;
				SDKROOT = iphoneos;
				SWIFT_COMPILATION_MODE = wholemodule;
				SWIFT_OPTIMIZATION_LEVEL = "-O";
				VALIDATE_PRODUCT = YES;
			};
			name = Release;
		};
		FB6C00A721E0EF2D0077A637 /* Debug */ = {
			isa = XCBuildConfiguration;
			buildSettings = {
				ASSETCATALOG_COMPILER_APPICON_NAME = AppIcon;
				CODE_SIGN_STYLE = Automatic;
				DEVELOPMENT_TEAM = 2B29F5A4PU;
				INFOPLIST_FILE = "MarsRovers!/Info.plist";
				LD_RUNPATH_SEARCH_PATHS = (
					"$(inherited)",
					"@executable_path/Frameworks",
				);
				PRODUCT_BUNDLE_IDENTIFIER = "com.mikeeggar.MarsRovers-";
				PRODUCT_NAME = "$(TARGET_NAME)";
				SWIFT_VERSION = 4.2;
				TARGETED_DEVICE_FAMILY = "1,2";
			};
			name = Debug;
		};
		FB6C00A821E0EF2D0077A637 /* Release */ = {
			isa = XCBuildConfiguration;
			buildSettings = {
				ASSETCATALOG_COMPILER_APPICON_NAME = AppIcon;
				CODE_SIGN_STYLE = Automatic;
				DEVELOPMENT_TEAM = 2B29F5A4PU;
				INFOPLIST_FILE = "MarsRovers!/Info.plist";
				LD_RUNPATH_SEARCH_PATHS = (
					"$(inherited)",
					"@executable_path/Frameworks",
				);
				PRODUCT_BUNDLE_IDENTIFIER = "com.mikeeggar.MarsRovers-";
				PRODUCT_NAME = "$(TARGET_NAME)";
				SWIFT_VERSION = 4.2;
				TARGETED_DEVICE_FAMILY = "1,2";
			};
			name = Release;
		};
		FB6C00AA21E0EF2D0077A637 /* Debug */ = {
			isa = XCBuildConfiguration;
			buildSettings = {
				ALWAYS_EMBED_SWIFT_STANDARD_LIBRARIES = YES;
				BUNDLE_LOADER = "$(TEST_HOST)";
				CODE_SIGN_STYLE = Automatic;
				DEVELOPMENT_TEAM = 2B29F5A4PU;
				INFOPLIST_FILE = "MarsRovers!Tests/Info.plist";
				LD_RUNPATH_SEARCH_PATHS = (
					"$(inherited)",
					"@executable_path/Frameworks",
					"@loader_path/Frameworks",
				);
				PRODUCT_BUNDLE_IDENTIFIER = "com.mikeeggar.MarsRovers-Tests";
				PRODUCT_NAME = "$(TARGET_NAME)";
				SWIFT_VERSION = 4.2;
				TARGETED_DEVICE_FAMILY = "1,2";
				TEST_HOST = "$(BUILT_PRODUCTS_DIR)/MarsRovers!.app/MarsRovers!";
			};
			name = Debug;
		};
		FB6C00AB21E0EF2D0077A637 /* Release */ = {
			isa = XCBuildConfiguration;
			buildSettings = {
				ALWAYS_EMBED_SWIFT_STANDARD_LIBRARIES = YES;
				BUNDLE_LOADER = "$(TEST_HOST)";
				CODE_SIGN_STYLE = Automatic;
				DEVELOPMENT_TEAM = 2B29F5A4PU;
				INFOPLIST_FILE = "MarsRovers!Tests/Info.plist";
				LD_RUNPATH_SEARCH_PATHS = (
					"$(inherited)",
					"@executable_path/Frameworks",
					"@loader_path/Frameworks",
				);
				PRODUCT_BUNDLE_IDENTIFIER = "com.mikeeggar.MarsRovers-Tests";
				PRODUCT_NAME = "$(TARGET_NAME)";
				SWIFT_VERSION = 4.2;
				TARGETED_DEVICE_FAMILY = "1,2";
				TEST_HOST = "$(BUILT_PRODUCTS_DIR)/MarsRovers!.app/MarsRovers!";
			};
			name = Release;
		};
		FB6C00AD21E0EF2D0077A637 /* Debug */ = {
			isa = XCBuildConfiguration;
			buildSettings = {
				ALWAYS_EMBED_SWIFT_STANDARD_LIBRARIES = YES;
				CODE_SIGN_STYLE = Automatic;
				DEVELOPMENT_TEAM = 2B29F5A4PU;
				INFOPLIST_FILE = "MarsRovers!UITests/Info.plist";
				LD_RUNPATH_SEARCH_PATHS = (
					"$(inherited)",
					"@executable_path/Frameworks",
					"@loader_path/Frameworks",
				);
				PRODUCT_BUNDLE_IDENTIFIER = "com.mikeeggar.MarsRovers-UITests";
				PRODUCT_NAME = "$(TARGET_NAME)";
				SWIFT_VERSION = 4.2;
				TARGETED_DEVICE_FAMILY = "1,2";
				TEST_TARGET_NAME = "MarsRovers!";
			};
			name = Debug;
		};
		FB6C00AE21E0EF2D0077A637 /* Release */ = {
			isa = XCBuildConfiguration;
			buildSettings = {
				ALWAYS_EMBED_SWIFT_STANDARD_LIBRARIES = YES;
				CODE_SIGN_STYLE = Automatic;
				DEVELOPMENT_TEAM = 2B29F5A4PU;
				INFOPLIST_FILE = "MarsRovers!UITests/Info.plist";
				LD_RUNPATH_SEARCH_PATHS = (
					"$(inherited)",
					"@executable_path/Frameworks",
					"@loader_path/Frameworks",
				);
				PRODUCT_BUNDLE_IDENTIFIER = "com.mikeeggar.MarsRovers-UITests";
				PRODUCT_NAME = "$(TARGET_NAME)";
				SWIFT_VERSION = 4.2;
				TARGETED_DEVICE_FAMILY = "1,2";
				TEST_TARGET_NAME = "MarsRovers!";
			};
			name = Release;
		};
/* End XCBuildConfiguration section */

/* Begin XCConfigurationList section */
		FB6C007921E0EF130077A637 /* Build configuration list for PBXProject "MarsRovers!" */ = {
			isa = XCConfigurationList;
			buildConfigurations = (
				FB6C00A421E0EF2D0077A637 /* Debug */,
				FB6C00A521E0EF2D0077A637 /* Release */,
			);
			defaultConfigurationIsVisible = 0;
			defaultConfigurationName = Release;
		};
		FB6C00A621E0EF2D0077A637 /* Build configuration list for PBXNativeTarget "MarsRovers!" */ = {
			isa = XCConfigurationList;
			buildConfigurations = (
				FB6C00A721E0EF2D0077A637 /* Debug */,
				FB6C00A821E0EF2D0077A637 /* Release */,
			);
			defaultConfigurationIsVisible = 0;
			defaultConfigurationName = Release;
		};
		FB6C00A921E0EF2D0077A637 /* Build configuration list for PBXNativeTarget "MarsRovers!Tests" */ = {
			isa = XCConfigurationList;
			buildConfigurations = (
				FB6C00AA21E0EF2D0077A637 /* Debug */,
				FB6C00AB21E0EF2D0077A637 /* Release */,
			);
			defaultConfigurationIsVisible = 0;
			defaultConfigurationName = Release;
		};
		FB6C00AC21E0EF2D0077A637 /* Build configuration list for PBXNativeTarget "MarsRovers!UITests" */ = {
			isa = XCConfigurationList;
			buildConfigurations = (
				FB6C00AD21E0EF2D0077A637 /* Debug */,
				FB6C00AE21E0EF2D0077A637 /* Release */,
			);
			defaultConfigurationIsVisible = 0;
			defaultConfigurationName = Release;
		};
/* End XCConfigurationList section */
	};
	rootObject = FB6C007621E0EF130077A637 /* Project object */;
}
